
Microsoft Visual Studio Solution File, Format Version 12.00
# Visual Studio Version 17
VisualStudioVersion = 17.14.36915.13 d17.14
MinimumVisualStudioVersion = 10.0.40219.1
Project("{FAE04EC0-301F-11D3-BF4B-00C04F79EFBC}") = "G-NET-26-EFCore-03&04", "G-NET-26-EFCore-03&04\G-NET-26-EFCore-03&04.csproj", "{2CA7EF9A-4085-4FF5-825B-FCFFA1751CEA}"
EndProject
Global
	GlobalSection(SolutionConfigurationPlatforms) = preSolution
		Debug|Any CPU = Debug|Any CPU
		Release|Any CPU = Release|Any CPU
	EndGlobalSection
	GlobalSection(ProjectConfigurationPlatforms) = postSolution
		{2CA7EF9A-4085-4FF5-825B-FCFFA1751CEA}.Debug|Any CPU.ActiveCfg = Debug|Any CPU
		{2CA7EF9A-4085-4FF5-825B-FCFFA1751CEA}.Debug|Any CPU.Build.0 = Debug|Any CPU
		{2CA7EF9A-4085-4FF5-825B-FCFFA1751CEA}.Release|Any CPU.ActiveCfg = Release|Any CPU
		{2CA7EF9A-4085-4FF5-825B-FCFFA1751CEA}.Release|Any CPU.Build.0 = Release|Any CPU
	EndGlobalSection
	GlobalSection(SolutionProperties) = preSolution
		HideSolutionNode = FALSE
	EndGlobalSection
	GlobalSection(ExtensibilityGlobals) = postSolution
		SolutionGuid = {58D8F0FE-CB24-4C5D-BB57-7B6B1A82F5BB}
	EndGlobalSection
EndGlobal
